
Microsoft Visual Studio Solution File, Format Version 12.00
# Visual Studio Version 17
VisualStudioVersion = 17.7.34031.279
MinimumVisualStudioVersion = 10.0.40219.1
Project("{FAE04EC0-301F-11D3-BF4B-00C04F79EFBC}") = "CodingEvents", "CodingEvents\CodingEvents.csproj", "{F4DFF11E-3584-4BC5-AC79-4F0B88A433E2}"
EndProject
Global
	GlobalSection(SolutionConfigurationPlatforms) = preSolution
		Debug|Any CPU = Debug|Any CPU
		Release|Any CPU = Release|Any CPU
	EndGlobalSection
	GlobalSection(ProjectConfigurationPlatforms) = postSolution
		{F4DFF11E-3584-4BC5-AC79-4F0B88A433E2}.Debug|Any CPU.ActiveCfg = Debug|Any CPU
		{F4DFF11E-3584-4BC5-AC79-4F0B88A433E2}.Debug|Any CPU.Build.0 = Debug|Any CPU
		{F4DFF11E-3584-4BC5-AC79-4F0B88A433E2}.Release|Any CPU.ActiveCfg = Release|Any CPU
		{F4DFF11E-3584-4BC5-AC79-4F0B88A433E2}.Release|Any CPU.Build.0 = Release|Any CPU
	EndGlobalSection
	GlobalSection(SolutionProperties) = preSolution
		HideSolutionNode = FALSE
	EndGlobalSection
	GlobalSection(ExtensibilityGlobals) = postSolution
		SolutionGuid = {815B5E24-2D7A-4E09-8E0B-FFA9E85D86C5}
	EndGlobalSection
EndGlobal
